
Microsoft Visual Studio Solution File, Format Version 12.00
# Visual Studio 15
Project("{FAE04EC0-301F-11D3-BF4B-00C04F79EFBC}") = "Assembly-CSharp", "Assembly-CSharp.csproj", "{2F6B905C-34D9-4B69-099C-9BFAF0E21CCA}"
EndProject
Global
	GlobalSection(SolutionConfigurationPlatforms) = preSolution
		Debug|Any CPU = Debug|Any CPU
		Release|Any CPU = Release|Any CPU
	EndGlobalSection
	GlobalSection(ProjectConfigurationPlatforms) = postSolution
		{2F6B905C-34D9-4B69-099C-9BFAF0E21CCA}.Debug|Any CPU.ActiveCfg = Debug|Any CPU
		{2F6B905C-34D9-4B69-099C-9BFAF0E21CCA}.Debug|Any CPU.Build.0 = Debug|Any CPU
		{2F6B905C-34D9-4B69-099C-9BFAF0E21CCA}.Release|Any CPU.ActiveCfg = Release|Any CPU
		{2F6B905C-34D9-4B69-099C-9BFAF0E21CCA}.Release|Any CPU.Build.0 = Release|Any CPU
	EndGlobalSection
	GlobalSection(SolutionProperties) = preSolution
		HideSolutionNode = FALSE
	EndGlobalSection
EndGlobal
